<?xml version="1.0" encoding="utf-8"?>
<Project ToolsVersion="4.0" xmlns="http://schemas.microsoft.com/developer/msbuild/2003">
  <ItemGroup>
    <Filter Include="Source Files">
      <UniqueIdentifier>{4FC737F1-C7A5-4376-A066-2A32D752A2FF}</UniqueIdentifier>
      <Extensions>cpp;c;cc;cxx;c++;def;odl;idl;hpj;bat;asm;asmx</Extensions>
    </Filter>
    <Filter Include="Header Files">
      <UniqueIdentifier>{93995380-89BD-4b04-88EB-625FBE52EBFB}</UniqueIdentifier>
      <Extensions>h;hh;hpp;hxx;h++;hm;inl;inc;ipp;xsd</Extensions>
    </Filter>
    <Filter Include="Resource Files">
      <UniqueIdentifier>{67DA6AB6-F800-4c08-8B7A-83BB121AAD01}</UniqueIdentifier>
      <Extensions>rc;ico;cur;bmp;dlg;rc2;rct;bin;rgs;gif;jpg;jpeg;jpe;resx;tiff;tif;png;wav;mfcribbon-ms</Extensions>
    </Filter>
    <Filter Include="mem">
      <UniqueIdentifier>{e24e53cb-2422-4669-8429-944c070b41fb}</UniqueIdentifier>
    </Filter>
    <Filter Include="features">
      <UniqueIdentifier>{4b653de7-4a9f-4212-8a9e-3a5c12f851c5}</UniqueIdentifier>
    </Filter>
    <Filter Include="globals">
      <UniqueIdentifier>{3e75dfc7-6ada-470f-ac06-cd14404eac18}</UniqueIdentifier>
    </Filter>
    <Filter Include="dx">
      <UniqueIdentifier>{edc4cb78-4011-4c1d-90f3-a1fbd94b53fb}</UniqueIdentifier>
    </Filter>
    <Filter Include="hooks">
      <UniqueIdentifier>{9829cc0c-4544-4f22-a873-9a5b4191ed57}</UniqueIdentifier>
    </Filter>
  </ItemGroup>
  <ItemGroup>
    <ClInclude Include="framework.h">
      <Filter>Header Files</Filter>
    </ClInclude>
    <ClInclude Include="pch.h">
      <Filter>Header Files</Filter>
    </ClInclude>
    <ClInclude Include="mem.h">
      <Filter>mem</Filter>
    </ClInclude>
    <ClInclude Include="classes.h">
      <Filter>Header Files</Filter>
    </ClInclude>
    <ClInclude Include="includes.h">
      <Filter>Header Files</Filter>
    </ClInclude>
    <ClInclude Include="globals.h">
      <Filter>globals</Filter>
    </ClInclude>
    <ClInclude Include="visuals.h">
      <Filter>features</Filter>
    </ClInclude>
    <ClInclude Include="aimbot.h">
      <Filter>features</Filter>
    </ClInclude>
    <ClInclude Include="misc.h">
      <Filter>features</Filter>
    </ClInclude>
    <ClInclude Include="dx.h">
      <Filter>dx</Filter>
    </ClInclude>
    <ClInclude Include="drawing.h">
      <Filter>dx</Filter>
    </ClInclude>
    <ClInclude Include="hooks.h">
      <Filter>hooks</Filter>
    </ClInclude>
    <ClInclude Include="dllmain.h">
      <Filter>Source Files</Filter>
    </ClInclude>
  </ItemGroup>
  <ItemGroup>
    <ClCompile Include="dllmain.cpp">
      <Filter>Source Files</Filter>
    </ClCompile>
    <ClCompile Include="pch.cpp">
      <Filter>Source Files</Filter>
    </ClCompile>
    <ClCompile Include="mem.cpp">
      <Filter>mem</Filter>
    </ClCompile>
    <ClCompile Include="globals.cpp">
      <Filter>globals</Filter>
    </ClCompile>
    <ClCompile Include="visuals.cpp">
      <Filter>features</Filter>
    </ClCompile>
    <ClCompile Include="aimbot.cpp">
      <Filter>features</Filter>
    </ClCompile>
    <ClCompile Include="misc.cpp">
      <Filter>features</Filter>
    </ClCompile>
    <ClCompile Include="dx.cpp">
      <Filter>dx</Filter>
    </ClCompile>
    <ClCompile Include="drawing.cpp">
      <Filter>dx</Filter>
    </ClCompile>
    <ClCompile Include="hooks.cpp">
      <Filter>hooks</Filter>
    </ClCompile>
  </ItemGroup>
</Project>